
Microsoft Visual Studio Solution File, Format Version 12.00
# Visual Studio 15
VisualStudioVersion = 15.0.26430.16
MinimumVisualStudioVersion = 10.0.40219.1
Project("{FAE04EC0-301F-11D3-BF4B-00C04F79EFBC}") = "MutlipleNumTestApp", "MutlipleNumTestApp\MutlipleNumTestApp\MutlipleNumTestApp.csproj", "{F233AF84-6CDF-4954-8A58-B2C28C0A2776}"
EndProject
Project("{9A19103F-16F7-4668-BE54-9A1E7A4F7556}") = "TestServer", "TestServer\TestServer\TestServer.csproj", "{75CEB9DF-212B-49BF-BC66-63F5A2DDC44B}"
EndProject
Project("{FAE04EC0-301F-11D3-BF4B-00C04F79EFBC}") = "ConigitalTestMobileApp.Android", "ConigitalTestMobileApp\ConigitalTestMobileApp.Android\ConigitalTestMobileApp.Android.csproj", "{8FBAE401-33B7-4544-B972-EDF815E3B566}"
EndProject
Project("{FAE04EC0-301F-11D3-BF4B-00C04F79EFBC}") = "ConigitalTestMobileApp.iOS", "ConigitalTestMobileApp\ConigitalTestMobileApp.iOS\ConigitalTestMobileApp.iOS.csproj", "{2F77F901-544D-498C-8C8A-FB22C03E54ED}"
EndProject
Project("{FAE04EC0-301F-11D3-BF4B-00C04F79EFBC}") = "ConigitalTestMobileApp", "ConigitalTestMobileApp\ConigitalTestMobileApp\ConigitalTestMobileApp.csproj", "{F0B26C0F-DB71-450B-A355-E7FD0B6D1224}"
EndProject
Global
	GlobalSection(SolutionConfigurationPlatforms) = preSolution
		Ad-Hoc|Any CPU = Ad-Hoc|Any CPU
		Ad-Hoc|iPhone = Ad-Hoc|iPhone
		Ad-Hoc|iPhoneSimulator = Ad-Hoc|iPhoneSimulator
		AppStore|Any CPU = AppStore|Any CPU
		AppStore|iPhone = AppStore|iPhone
		AppStore|iPhoneSimulator = AppStore|iPhoneSimulator
		Debug|Any CPU = Debug|Any CPU
		Debug|iPhone = Debug|iPhone
		Debug|iPhoneSimulator = Debug|iPhoneSimulator
		Release|Any CPU = Release|Any CPU
		Release|iPhone = Release|iPhone
		Release|iPhoneSimulator = Release|iPhoneSimulator
	EndGlobalSection
	GlobalSection(ProjectConfigurationPlatforms) = postSolution
		{F233AF84-6CDF-4954-8A58-B2C28C0A2776}.Ad-Hoc|Any CPU.ActiveCfg = Release|Any CPU
		{F233AF84-6CDF-4954-8A58-B2C28C0A2776}.Ad-Hoc|Any CPU.Build.0 = Release|Any CPU
		{F233AF84-6CDF-4954-8A58-B2C28C0A2776}.Ad-Hoc|iPhone.ActiveCfg = Release|Any CPU
		{F233AF84-6CDF-4954-8A58-B2C28C0A2776}.Ad-Hoc|iPhone.Build.0 = Release|Any CPU
		{F233AF84-6CDF-4954-8A58-B2C28C0A2776}.Ad-Hoc|iPhoneSimulator.ActiveCfg = Release|Any CPU
		{F233AF84-6CDF-4954-8A58-B2C28C0A2776}.Ad-Hoc|iPhoneSimulator.Build.0 = Release|Any CPU
		{F233AF84-6CDF-4954-8A58-B2C28C0A2776}.AppStore|Any CPU.ActiveCfg = Release|Any CPU
		{F233AF84-6CDF-4954-8A58-B2C28C0A2776}.AppStore|Any CPU.Build.0 = Release|Any CPU
		{F233AF84-6CDF-4954-8A58-B2C28C0A2776}.AppStore|iPhone.ActiveCfg = Release|Any CPU
		{F233AF84-6CDF-4954-8A58-B2C28C0A2776}.AppStore|iPhone.Build.0 = Release|Any CPU
		{F233AF84-6CDF-4954-8A58-B2C28C0A2776}.AppStore|iPhoneSimulator.ActiveCfg = Release|Any CPU
		{F233AF84-6CDF-4954-8A58-B2C28C0A2776}.AppStore|iPhoneSimulator.Build.0 = Release|Any CPU
		{F233AF84-6CDF-4954-8A58-B2C28C0A2776}.Debug|Any CPU.ActiveCfg = Debug|Any CPU
		{F233AF84-6CDF-4954-8A58-B2C28C0A2776}.Debug|Any CPU.Build.0 = Debug|Any CPU
		{F233AF84-6CDF-4954-8A58-B2C28C0A2776}.Debug|iPhone.ActiveCfg = Debug|Any CPU
		{F233AF84-6CDF-4954-8A58-B2C28C0A2776}.Debug|iPhone.Build.0 = Debug|Any CPU
		{F233AF84-6CDF-4954-8A58-B2C28C0A2776}.Debug|iPhoneSimulator.ActiveCfg = Debug|Any CPU
		{F233AF84-6CDF-4954-8A58-B2C28C0A2776}.Debug|iPhoneSimulator.Build.0 = Debug|Any CPU
		{F233AF84-6CDF-4954-8A58-B2C28C0A2776}.Release|Any CPU.ActiveCfg = Release|Any CPU
		{F233AF84-6CDF-4954-8A58-B2C28C0A2776}.Release|Any CPU.Build.0 = Release|Any CPU
		{F233AF84-6CDF-4954-8A58-B2C28C0A2776}.Release|iPhone.ActiveCfg = Release|Any CPU
		{F233AF84-6CDF-4954-8A58-B2C28C0A2776}.Release|iPhone.Build.0 = Release|Any CPU
		{F233AF84-6CDF-4954-8A58-B2C28C0A2776}.Release|iPhoneSimulator.ActiveCfg = Release|Any CPU
		{F233AF84-6CDF-4954-8A58-B2C28C0A2776}.Release|iPhoneSimulator.Build.0 = Release|Any CPU
		{75CEB9DF-212B-49BF-BC66-63F5A2DDC44B}.Ad-Hoc|Any CPU.ActiveCfg = Debug|Any CPU
		{75CEB9DF-212B-49BF-BC66-63F5A2DDC44B}.Ad-Hoc|Any CPU.Build.0 = Debug|Any CPU
		{75CEB9DF-212B-49BF-BC66-63F5A2DDC44B}.Ad-Hoc|iPhone.ActiveCfg = Debug|Any CPU
		{75CEB9DF-212B-49BF-BC66-63F5A2DDC44B}.Ad-Hoc|iPhone.Build.0 = Debug|Any CPU
		{75CEB9DF-212B-49BF-BC66-63F5A2DDC44B}.Ad-Hoc|iPhoneSimulator.ActiveCfg = Debug|Any CPU
		{75CEB9DF-212B-49BF-BC66-63F5A2DDC44B}.Ad-Hoc|iPhoneSimulator.Build.0 = Debug|Any CPU
		{75CEB9DF-212B-49BF-BC66-63F5A2DDC44B}.AppStore|Any CPU.ActiveCfg = Debug|Any CPU
		{75CEB9DF-212B-49BF-BC66-63F5A2DDC44B}.AppStore|Any CPU.Build.0 = Debug|Any CPU
		{75CEB9DF-212B-49BF-BC66-63F5A2DDC44B}.AppStore|iPhone.ActiveCfg = Debug|Any CPU
		{75CEB9DF-212B-49BF-BC66-63F5A2DDC44B}.AppStore|iPhone.Build.0 = Debug|Any CPU
		{75CEB9DF-212B-49BF-BC66-63F5A2DDC44B}.AppStore|iPhoneSimulator.ActiveCfg = Debug|Any CPU
		{75CEB9DF-212B-49BF-BC66-63F5A2DDC44B}.AppStore|iPhoneSimulator.Build.0 = Debug|Any CPU
		{75CEB9DF-212B-49BF-BC66-63F5A2DDC44B}.Debug|Any CPU.ActiveCfg = Debug|Any CPU
		{75CEB9DF-212B-49BF-BC66-63F5A2DDC44B}.Debug|Any CPU.Build.0 = Debug|Any CPU
		{75CEB9DF-212B-49BF-BC66-63F5A2DDC44B}.Debug|iPhone.ActiveCfg = Debug|Any CPU
		{75CEB9DF-212B-49BF-BC66-63F5A2DDC44B}.Debug|iPhone.Build.0 = Debug|Any CPU
		{75CEB9DF-212B-49BF-BC66-63F5A2DDC44B}.Debug|iPhoneSimulator.ActiveCfg = Debug|Any CPU
		{75CEB9DF-212B-49BF-BC66-63F5A2DDC44B}.Debug|iPhoneSimulator.Build.0 = Debug|Any CPU
		{75CEB9DF-212B-49BF-BC66-63F5A2DDC44B}.Release|Any CPU.ActiveCfg = Release|Any CPU
		{75CEB9DF-212B-49BF-BC66-63F5A2DDC44B}.Release|Any CPU.Build.0 = Release|Any CPU
		{75CEB9DF-212B-49BF-BC66-63F5A2DDC44B}.Release|iPhone.ActiveCfg = Release|Any CPU
		{75CEB9DF-212B-49BF-BC66-63F5A2DDC44B}.Release|iPhone.Build.0 = Release|Any CPU
		{75CEB9DF-212B-49BF-BC66-63F5A2DDC44B}.Release|iPhoneSimulator.ActiveCfg = Release|Any CPU
		{75CEB9DF-212B-49BF-BC66-63F5A2DDC44B}.Release|iPhoneSimulator.Build.0 = Release|Any CPU
		{8FBAE401-33B7-4544-B972-EDF815E3B566}.Ad-Hoc|Any CPU.ActiveCfg = Release|Any CPU
		{8FBAE401-33B7-4544-B972-EDF815E3B566}.Ad-Hoc|Any CPU.Build.0 = Release|Any CPU
		{8FBAE401-33B7-4544-B972-EDF815E3B566}.Ad-Hoc|Any CPU.Deploy.0 = Release|Any CPU
		{8FBAE401-33B7-4544-B972-EDF815E3B566}.Ad-Hoc|iPhone.ActiveCfg = Release|Any CPU
		{8FBAE401-33B7-4544-B972-EDF815E3B566}.Ad-Hoc|iPhone.Build.0 = Release|Any CPU
		{8FBAE401-33B7-4544-B972-EDF815E3B566}.Ad-Hoc|iPhone.Deploy.0 = Release|Any CPU
		{8FBAE401-33B7-4544-B972-EDF815E3B566}.Ad-Hoc|iPhoneSimulator.ActiveCfg = Release|Any CPU
		{8FBAE401-33B7-4544-B972-EDF815E3B566}.Ad-Hoc|iPhoneSimulator.Build.0 = Release|Any CPU
		{8FBAE401-33B7-4544-B972-EDF815E3B566}.Ad-Hoc|iPhoneSimulator.Deploy.0 = Release|Any CPU
		{8FBAE401-33B7-4544-B972-EDF815E3B566}.AppStore|Any CPU.ActiveCfg = Release|Any CPU
		{8FBAE401-33B7-4544-B972-EDF815E3B566}.AppStore|Any CPU.Build.0 = Release|Any CPU
		{8FBAE401-33B7-4544-B972-EDF815E3B566}.AppStore|Any CPU.Deploy.0 = Release|Any CPU
		{8FBAE401-33B7-4544-B972-EDF815E3B566}.AppStore|iPhone.ActiveCfg = Release|Any CPU
		{8FBAE401-33B7-4544-B972-EDF815E3B566}.AppStore|iPhone.Build.0 = Release|Any CPU
		{8FBAE401-33B7-4544-B972-EDF815E3B566}.AppStore|iPhone.Deploy.0 = Release|Any CPU
		{8FBAE401-33B7-4544-B972-EDF815E3B566}.AppStore|iPhoneSimulator.ActiveCfg = Release|Any CPU
		{8FBAE401-33B7-4544-B972-EDF815E3B566}.AppStore|iPhoneSimulator.Build.0 = Release|Any CPU
		{8FBAE401-33B7-4544-B972-EDF815E3B566}.AppStore|iPhoneSimulator.Deploy.0 = Release|Any CPU
		{8FBAE401-33B7-4544-B972-EDF815E3B566}.Debug|Any CPU.ActiveCfg = Debug|Any CPU
		{8FBAE401-33B7-4544-B972-EDF815E3B566}.Debug|Any CPU.Build.0 = Debug|Any CPU
		{8FBAE401-33B7-4544-B972-EDF815E3B566}.Debug|Any CPU.Deploy.0 = Debug|Any CPU
		{8FBAE401-33B7-4544-B972-EDF815E3B566}.Debug|iPhone.ActiveCfg = Debug|Any CPU
		{8FBAE401-33B7-4544-B972-EDF815E3B566}.Debug|iPhone.Build.0 = Debug|Any CPU
		{8FBAE401-33B7-4544-B972-EDF815E3B566}.Debug|iPhone.Deploy.0 = Debug|Any CPU
		{8FBAE401-33B7-4544-B972-EDF815E3B566}.Debug|iPhoneSimulator.ActiveCfg = Debug|Any CPU
		{8FBAE401-33B7-4544-B972-EDF815E3B566}.Debug|iPhoneSimulator.Build.0 = Debug|Any CPU
		{8FBAE401-33B7-4544-B972-EDF815E3B566}.Debug|iPhoneSimulator.Deploy.0 = Debug|Any CPU
		{8FBAE401-33B7-4544-B972-EDF815E3B566}.Release|Any CPU.ActiveCfg = Release|Any CPU
		{8FBAE401-33B7-4544-B972-EDF815E3B566}.Release|Any CPU.Build.0 = Release|Any CPU
		{8FBAE401-33B7-4544-B972-EDF815E3B566}.Release|Any CPU.Deploy.0 = Release|Any CPU
		{8FBAE401-33B7-4544-B972-EDF815E3B566}.Release|iPhone.ActiveCfg = Release|Any CPU
		{8FBAE401-33B7-4544-B972-EDF815E3B566}.Release|iPhone.Build.0 = Release|Any CPU
		{8FBAE401-33B7-4544-B972-EDF815E3B566}.Release|iPhone.Deploy.0 = Release|Any CPU
		{8FBAE401-33B7-4544-B972-EDF815E3B566}.Release|iPhoneSimulator.ActiveCfg = Release|Any CPU
		{8FBAE401-33B7-4544-B972-EDF815E3B566}.Release|iPhoneSimulator.Build.0 = Release|Any CPU
		{8FBAE401-33B7-4544-B972-EDF815E3B566}.Release|iPhoneSimulator.Deploy.0 = Release|Any CPU
		{2F77F901-544D-498C-8C8A-FB22C03E54ED}.Ad-Hoc|Any CPU.ActiveCfg = Ad-Hoc|iPhone
		{2F77F901-544D-498C-8C8A-FB22C03E54ED}.Ad-Hoc|iPhone.ActiveCfg = Ad-Hoc|iPhone
		{2F77F901-544D-498C-8C8A-FB22C03E54ED}.Ad-Hoc|iPhone.Build.0 = Ad-Hoc|iPhone
		{2F77F901-544D-498C-8C8A-FB22C03E54ED}.Ad-Hoc|iPhoneSimulator.ActiveCfg = Ad-Hoc|iPhoneSimulator
		{2F77F901-544D-498C-8C8A-FB22C03E54ED}.Ad-Hoc|iPhoneSimulator.Build.0 = Ad-Hoc|iPhoneSimulator
		{2F77F901-544D-498C-8C8A-FB22C03E54ED}.AppStore|Any CPU.ActiveCfg = AppStore|iPhone
		{2F77F901-544D-498C-8C8A-FB22C03E54ED}.AppStore|iPhone.ActiveCfg = AppStore|iPhone
		{2F77F901-544D-498C-8C8A-FB22C03E54ED}.AppStore|iPhone.Build.0 = AppStore|iPhone
		{2F77F901-544D-498C-8C8A-FB22C03E54ED}.AppStore|iPhoneSimulator.ActiveCfg = AppStore|iPhoneSimulator
		{2F77F901-544D-498C-8C8A-FB22C03E54ED}.AppStore|iPhoneSimulator.Build.0 = AppStore|iPhoneSimulator
		{2F77F901-544D-498C-8C8A-FB22C03E54ED}.Debug|Any CPU.ActiveCfg = Debug|iPhone
		{2F77F901-544D-498C-8C8A-FB22C03E54ED}.Debug|iPhone.ActiveCfg = Debug|iPhone
		{2F77F901-544D-498C-8C8A-FB22C03E54ED}.Debug|iPhone.Build.0 = Debug|iPhone
		{2F77F901-544D-498C-8C8A-FB22C03E54ED}.Debug|iPhoneSimulator.ActiveCfg = Debug|iPhoneSimulator
		{2F77F901-544D-498C-8C8A-FB22C03E54ED}.Debug|iPhoneSimulator.Build.0 = Debug|iPhoneSimulator
		{2F77F901-544D-498C-8C8A-FB22C03E54ED}.Release|Any CPU.ActiveCfg = Release|iPhone
		{2F77F901-544D-498C-8C8A-FB22C03E54ED}.Release|iPhone.ActiveCfg = Release|iPhone
		{2F77F901-544D-498C-8C8A-FB22C03E54ED}.Release|iPhone.Build.0 = Release|iPhone
		{2F77F901-544D-498C-8C8A-FB22C03E54ED}.Release|iPhoneSimulator.ActiveCfg = Release|iPhoneSimulator
		{2F77F901-544D-498C-8C8A-FB22C03E54ED}.Release|iPhoneSimulator.Build.0 = Release|iPhoneSimulator
		{F0B26C0F-DB71-450B-A355-E7FD0B6D1224}.Ad-Hoc|Any CPU.ActiveCfg = Release|Any CPU
		{F0B26C0F-DB71-450B-A355-E7FD0B6D1224}.Ad-Hoc|Any CPU.Build.0 = Release|Any CPU
		{F0B26C0F-DB71-450B-A355-E7FD0B6D1224}.Ad-Hoc|iPhone.ActiveCfg = Release|Any CPU
		{F0B26C0F-DB71-450B-A355-E7FD0B6D1224}.Ad-Hoc|iPhone.Build.0 = Release|Any CPU
		{F0B26C0F-DB71-450B-A355-E7FD0B6D1224}.Ad-Hoc|iPhoneSimulator.ActiveCfg = Release|Any CPU
		{F0B26C0F-DB71-450B-A355-E7FD0B6D1224}.Ad-Hoc|iPhoneSimulator.Build.0 = Release|Any CPU
		{F0B26C0F-DB71-450B-A355-E7FD0B6D1224}.AppStore|Any CPU.ActiveCfg = Release|Any CPU
		{F0B26C0F-DB71-450B-A355-E7FD0B6D1224}.AppStore|Any CPU.Build.0 = Release|Any CPU
		{F0B26C0F-DB71-450B-A355-E7FD0B6D1224}.AppStore|iPhone.ActiveCfg = Release|Any CPU
		{F0B26C0F-DB71-450B-A355-E7FD0B6D1224}.AppStore|iPhone.Build.0 = Release|Any CPU
		{F0B26C0F-DB71-450B-A355-E7FD0B6D1224}.AppStore|iPhoneSimulator.ActiveCfg = Release|Any CPU
		{F0B26C0F-DB71-450B-A355-E7FD0B6D1224}.AppStore|iPhoneSimulator.Build.0 = Release|Any CPU
		{F0B26C0F-DB71-450B-A355-E7FD0B6D1224}.Debug|Any CPU.ActiveCfg = Debug|Any CPU
		{F0B26C0F-DB71-450B-A355-E7FD0B6D1224}.Debug|Any CPU.Build.0 = Debug|Any CPU
		{F0B26C0F-DB71-450B-A355-E7FD0B6D1224}.Debug|iPhone.ActiveCfg = Debug|Any CPU
		{F0B26C0F-DB71-450B-A355-E7FD0B6D1224}.Debug|iPhone.Build.0 = Debug|Any CPU
		{F0B26C0F-DB71-450B-A355-E7FD0B6D1224}.Debug|iPhoneSimulator.ActiveCfg = Debug|Any CPU
		{F0B26C0F-DB71-450B-A355-E7FD0B6D1224}.Debug|iPhoneSimulator.Build.0 = Debug|Any CPU
		{F0B26C0F-DB71-450B-A355-E7FD0B6D1224}.Release|Any CPU.ActiveCfg = Release|Any CPU
		{F0B26C0F-DB71-450B-A355-E7FD0B6D1224}.Release|Any CPU.Build.0 = Release|Any CPU
		{F0B26C0F-DB71-450B-A355-E7FD0B6D1224}.Release|iPhone.ActiveCfg = Release|Any CPU
		{F0B26C0F-DB71-450B-A355-E7FD0B6D1224}.Release|iPhone.Build.0 = Release|Any CPU
		{F0B26C0F-DB71-450B-A355-E7FD0B6D1224}.Release|iPhoneSimulator.ActiveCfg = Release|Any CPU
		{F0B26C0F-DB71-450B-A355-E7FD0B6D1224}.Release|iPhoneSimulator.Build.0 = Release|Any CPU
	EndGlobalSection
	GlobalSection(SolutionProperties) = preSolution
		HideSolutionNode = FALSE
	EndGlobalSection
EndGlobal
